// !$*UTF8*$!
{
	archiveVersion = 1;
	classes = {};
	objectVersion = 77;
	objects = {
		C3A6466C93C3F99649D67094 /* core_build */ = {
			isa = PBXBuildFile;
			productRef = D11372E99E87998C961D2032;
		};
		B8B008AFBC158803F65E54B9 /* test_core_build */ = {
			isa = PBXBuildFile;
			productRef = D11372E99E87998C961D2032;
		};
		FB767C20B4B8A7B03F17D09B /* test_proxy */ = {
			isa = PBXContainerItemProxy;
			containerPortal = C616804018D03CB038800455;
			proxyType = 1;
			remoteGlobalIDString = 3924529617CB51187306BF4D;
			remoteInfo = FirePrivacy;
		};
		B4CFE48C937F748D3C5564DF /* app_product */ = {
			isa = PBXFileReference;
			explicitFileType = wrapper.application;
			includeInIndex = 0;
			path = FirePrivacy.app;
			sourceTree = BUILT_PRODUCTS_DIR;
		};
		2C993D5975BA6B43F88A839E /* test_product */ = {
			isa = PBXFileReference;
			explicitFileType = wrapper.cfbundle;
			includeInIndex = 0;
			path = FirePrivacyAppTests.xctest;
			sourceTree = BUILT_PRODUCTS_DIR;
		};
		5E95731AC6A10D100FF29C84 /* ui_product */ = {
			isa = PBXFileReference;
			explicitFileType = wrapper.cfbundle;
			includeInIndex = 0;
			path = FirePrivacyUITests.xctest;
			sourceTree = BUILT_PRODUCTS_DIR;
		};
		F60EDBD50509C58C4AFC30CC /* ui_proxy */ = {
			isa = PBXContainerItemProxy;
			containerPortal = C616804018D03CB038800455;
			proxyType = 1;
			remoteGlobalIDString = 3924529617CB51187306BF4D;
			remoteInfo = FirePrivacy;
		};
		D8B2A1B580DEB36740373FAA /* info_exception */ = {
			isa = PBXFileSystemSynchronizedBuildFileExceptionSet;
			membershipExceptions = (Info.plist,);
			target = 3924529617CB51187306BF4D;
		};
		3E86FAF32E031FA851A10FA9 /* app_group */ = {
			isa = PBXFileSystemSynchronizedRootGroup;
			exceptions = (D8B2A1B580DEB36740373FAA,);
			path = Apps/FirePrivacyApp;
			sourceTree = "<group>";
		};
		9EB3003A8FAB9F36D5B3BC38 /* test_group */ = {
			isa = PBXFileSystemSynchronizedRootGroup;
			path = Tests/FirePrivacyAppTests;
			sourceTree = "<group>";
		};
		207ACD78EE8A826BDC7C4A9A /* ui_group */ = {
			isa = PBXFileSystemSynchronizedRootGroup;
			path = Tests/FirePrivacyUITests;
			sourceTree = "<group>";
		};
		488D2491FA2E276E69F69FC1 /* main_group */ = {
			isa = PBXGroup;
			children = (3E86FAF32E031FA851A10FA9, 9EB3003A8FAB9F36D5B3BC38, 207ACD78EE8A826BDC7C4A9A, EA46603D8CAB754E3192F337,);
			sourceTree = "<group>";
		};
		EA46603D8CAB754E3192F337 /* products */ = {
			isa = PBXGroup;
			children = (B4CFE48C937F748D3C5564DF, 2C993D5975BA6B43F88A839E, 5E95731AC6A10D100FF29C84,);
			name = Products;
			sourceTree = "<group>";
		};
		4A858F64388FCDE3F8AF0419 /* app_sources */ = {
			isa = PBXSourcesBuildPhase;
			buildActionMask = 2147483647;
			files = ();
			runOnlyForDeploymentPostprocessing = 0;
		};
		BC80AD68F5FC1FA5ACA8E702 /* app_resources */ = {
			isa = PBXResourcesBuildPhase;
			buildActionMask = 2147483647;
			files = ();
			runOnlyForDeploymentPostprocessing = 0;
		};
		1DF658D753EF9F094C2D29BE /* app_frameworks */ = {
			isa = PBXFrameworksBuildPhase;
			buildActionMask = 2147483647;
			files = (C3A6466C93C3F99649D67094,);
			runOnlyForDeploymentPostprocessing = 0;
		};
		9911A98ADA3C3941F1090002 /* test_sources */ = {
			isa = PBXSourcesBuildPhase;
			buildActionMask = 2147483647;
			files = ();
			runOnlyForDeploymentPostprocessing = 0;
		};
		6AAE1E91816245F12ECBCA80 /* test_resources */ = {
			isa = PBXResourcesBuildPhase;
			buildActionMask = 2147483647;
			files = ();
			runOnlyForDeploymentPostprocessing = 0;
		};
		D0E77BBC06F91F110666AA64 /* test_frameworks */ = {
			isa = PBXFrameworksBuildPhase;
			buildActionMask = 2147483647;
			files = (B8B008AFBC158803F65E54B9,);
			runOnlyForDeploymentPostprocessing = 0;
		};
		6E5123C8B07728C8ED24BAEF /* ui_sources */ = {
			isa = PBXSourcesBuildPhase;
			buildActionMask = 2147483647;
			files = ();
			runOnlyForDeploymentPostprocessing = 0;
		};
		81A7B89FBD5ECC8E1B291B43 /* ui_resources */ = {
			isa = PBXResourcesBuildPhase;
			buildActionMask = 2147483647;
			files = ();
			runOnlyForDeploymentPostprocessing = 0;
		};
		4465A48BADE7B773933EDB61 /* ui_frameworks */ = {
			isa = PBXFrameworksBuildPhase;
			buildActionMask = 2147483647;
			files = ();
			runOnlyForDeploymentPostprocessing = 0;
		};
		3924529617CB51187306BF4D /* app_target */ = {
			isa = PBXNativeTarget;
			buildConfigurationList = 4E5692756749A0D9F9ADC05F;
			buildPhases = (4A858F64388FCDE3F8AF0419, 1DF658D753EF9F094C2D29BE, BC80AD68F5FC1FA5ACA8E702,);
			buildRules = ();
			dependencies = ();
			fileSystemSynchronizedGroups = (3E86FAF32E031FA851A10FA9,);
			name = FirePrivacy;
			packageProductDependencies = (D11372E99E87998C961D2032,);
			productName = FirePrivacy;
			productReference = B4CFE48C937F748D3C5564DF;
			productType = "com.apple.product-type.application";
		};
		BF5D805647EB2D41EC3BF2B1 /* test_target */ = {
			isa = PBXNativeTarget;
			buildConfigurationList = DF694EC44293CF3DF0DFC05D;
			buildPhases = (9911A98ADA3C3941F1090002, D0E77BBC06F91F110666AA64, 6AAE1E91816245F12ECBCA80,);
			buildRules = ();
			dependencies = (D343B62451CE1612DBA1F0CC,);
			fileSystemSynchronizedGroups = (9EB3003A8FAB9F36D5B3BC38,);
			name = FirePrivacyAppTests;
			packageProductDependencies = (D11372E99E87998C961D2032,);
			productName = FirePrivacyAppTests;
			productReference = 2C993D5975BA6B43F88A839E;
			productType = "com.apple.product-type.bundle.unit-test";
		};
		37E4D1DA1555D571EF0EE565 /* ui_target */ = {
			isa = PBXNativeTarget;
			buildConfigurationList = D91E9FDB1C37CF8797735CAE;
			buildPhases = (6E5123C8B07728C8ED24BAEF, 4465A48BADE7B773933EDB61, 81A7B89FBD5ECC8E1B291B43,);
			buildRules = ();
			dependencies = (5311D745AC7D8B4B13D25A23,);
			fileSystemSynchronizedGroups = (207ACD78EE8A826BDC7C4A9A,);
			name = FirePrivacyUITests;
			packageProductDependencies = ();
			productName = FirePrivacyUITests;
			productReference = 5E95731AC6A10D100FF29C84;
			productType = "com.apple.product-type.bundle.ui-testing";
		};
		C616804018D03CB038800455 /* project */ = {
			isa = PBXProject;
			attributes = {
				BuildIndependentTargetsInParallel = 1;
				LastUpgradeCheck = 2600;
				TargetAttributes = {
					3924529617CB51187306BF4D = { CreatedOnToolsVersion = 26.0; ProvisioningStyle = Automatic; };
					BF5D805647EB2D41EC3BF2B1 = { CreatedOnToolsVersion = 26.0; TestTargetID = 3924529617CB51187306BF4D; };
					37E4D1DA1555D571EF0EE565 = { CreatedOnToolsVersion = 26.0; TestTargetID = 3924529617CB51187306BF4D; };
				};
			};
			buildConfigurationList = B8C24D0A05766A7F9CD2DA31;
			developmentRegion = en;
			hasScannedForEncodings = 0;
			knownRegions = (en, Base,);
			mainGroup = 488D2491FA2E276E69F69FC1;
			minimizedProjectReferenceProxies = 1;
			packageReferences = (12BF791797BF6E192615C398,);
			preferredProjectObjectVersion = 77;
			productRefGroup = EA46603D8CAB754E3192F337;
			projectDirPath = "";
			projectRoot = "";
			targets = (3924529617CB51187306BF4D, BF5D805647EB2D41EC3BF2B1, 37E4D1DA1555D571EF0EE565,);
		};
		D343B62451CE1612DBA1F0CC /* test_dependency */ = {
			isa = PBXTargetDependency;
			target = 3924529617CB51187306BF4D;
			targetProxy = FB767C20B4B8A7B03F17D09B;
		};
		5311D745AC7D8B4B13D25A23 /* ui_dependency */ = {
			isa = PBXTargetDependency;
			target = 3924529617CB51187306BF4D;
			targetProxy = F60EDBD50509C58C4AFC30CC;
		};
		12BF791797BF6E192615C398 /* package */ = {
			isa = XCLocalSwiftPackageReference;
			relativePath = .;
		};
		D11372E99E87998C961D2032 /* core_product */ = {
			isa = XCSwiftPackageProductDependency;
			package = 12BF791797BF6E192615C398;
			productName = FirePrivacyCore;
		};
		82EE21F6DF40702E010AB71C /* project_debug */ = {
			isa = XCBuildConfiguration;
			buildSettings = {
				ALWAYS_SEARCH_USER_PATHS = NO;
				CLANG_ENABLE_MODULES = YES;
				CLANG_ENABLE_OBJC_ARC = YES;
				CLANG_WARN_BOOL_CONVERSION = YES;
				CLANG_WARN_CONSTANT_CONVERSION = YES;
				CLANG_WARN_DOCUMENTATION_COMMENTS = YES;
				CLANG_WARN_EMPTY_BODY = YES;
				CLANG_WARN_ENUM_CONVERSION = YES;
				CLANG_WARN_INFINITE_RECURSION = YES;
				CLANG_WARN_INT_CONVERSION = YES;
				CLANG_WARN_NON_LITERAL_NULL_CONVERSION = YES;
				CLANG_WARN_OBJC_LITERAL_CONVERSION = YES;
				CLANG_WARN_UNREACHABLE_CODE = YES;
				COPY_PHASE_STRIP = NO;
				ENABLE_USER_SCRIPT_SANDBOXING = YES;
				GCC_C_LANGUAGE_STANDARD = gnu17;
				GCC_NO_COMMON_BLOCKS = YES;
				GCC_WARN_64_TO_32_BIT_CONVERSION = YES;
				GCC_WARN_ABOUT_RETURN_TYPE = YES_ERROR;
				GCC_WARN_UNINITIALIZED_AUTOS = YES_AGGRESSIVE;
				GCC_WARN_UNUSED_FUNCTION = YES;
				GCC_WARN_UNUSED_VARIABLE = YES;
				IPHONEOS_DEPLOYMENT_TARGET = 17.0;
				SDKROOT = iphoneos;
				SWIFT_STRICT_CONCURRENCY = complete;
				SWIFT_VERSION = 6.0;
				DEBUG_INFORMATION_FORMAT = dwarf;
				ENABLE_NS_ASSERTIONS = YES;
				SWIFT_COMPILATION_MODE = singlefile;
				SWIFT_OPTIMIZATION_LEVEL = "-Onone";
				ENABLE_TESTABILITY = YES;
				GCC_OPTIMIZATION_LEVEL = 0;
				ONLY_ACTIVE_ARCH = YES;
				SWIFT_ACTIVE_COMPILATION_CONDITIONS = "DEBUG $(inherited)";
			};
			name = Debug;
		};
		F3C3D7DE7914C5B0F61C536D /* project_release */ = {
			isa = XCBuildConfiguration;
			buildSettings = {
				ALWAYS_SEARCH_USER_PATHS = NO;
				CLANG_ENABLE_MODULES = YES;
				CLANG_ENABLE_OBJC_ARC = YES;
				CLANG_WARN_BOOL_CONVERSION = YES;
				CLANG_WARN_CONSTANT_CONVERSION = YES;
				CLANG_WARN_DOCUMENTATION_COMMENTS = YES;
				CLANG_WARN_EMPTY_BODY = YES;
				CLANG_WARN_ENUM_CONVERSION = YES;
				CLANG_WARN_INFINITE_RECURSION = YES;
				CLANG_WARN_INT_CONVERSION = YES;
				CLANG_WARN_NON_LITERAL_NULL_CONVERSION = YES;
				CLANG_WARN_OBJC_LITERAL_CONVERSION = YES;
				CLANG_WARN_UNREACHABLE_CODE = YES;
				COPY_PHASE_STRIP = NO;
				ENABLE_USER_SCRIPT_SANDBOXING = YES;
				GCC_C_LANGUAGE_STANDARD = gnu17;
				GCC_NO_COMMON_BLOCKS = YES;
				GCC_WARN_64_TO_32_BIT_CONVERSION = YES;
				GCC_WARN_ABOUT_RETURN_TYPE = YES_ERROR;
				GCC_WARN_UNINITIALIZED_AUTOS = YES_AGGRESSIVE;
				GCC_WARN_UNUSED_FUNCTION = YES;
				GCC_WARN_UNUSED_VARIABLE = YES;
				IPHONEOS_DEPLOYMENT_TARGET = 17.0;
				SDKROOT = iphoneos;
				SWIFT_STRICT_CONCURRENCY = complete;
				SWIFT_VERSION = 6.0;
				DEBUG_INFORMATION_FORMAT = "dwarf-with-dsym";
				ENABLE_NS_ASSERTIONS = NO;
				SWIFT_COMPILATION_MODE = wholemodule;
				SWIFT_OPTIMIZATION_LEVEL = "-O";
				VALIDATE_PRODUCT = YES;
			};
			name = Release;
		};
		B8C24D0A05766A7F9CD2DA31 /* project_configs */ = {
			isa = XCConfigurationList;
			buildConfigurations = (82EE21F6DF40702E010AB71C, F3C3D7DE7914C5B0F61C536D,);
			defaultConfigurationIsVisible = 0;
			defaultConfigurationName = Release;
		};
		1454C573C40E1B136B82851A /* app_debug */ = {
			isa = XCBuildConfiguration;
			buildSettings = {
				ASSETCATALOG_COMPILER_APPICON_NAME = AppIcon;
				ASSETCATALOG_COMPILER_GLOBAL_ACCENT_COLOR_NAME = AccentColor;
				CODE_SIGN_STYLE = Automatic;
				CURRENT_PROJECT_VERSION = 1;
				DEVELOPMENT_TEAM = LYDVWU62G4;
				ENABLE_PREVIEWS = YES;
				GENERATE_INFOPLIST_FILE = NO;
				INFOPLIST_FILE = Apps/FirePrivacyApp/Info.plist;
				FIREPRIVACY_PRIVACY_URL = "https://github.com/Ununp3ntium115/FirePrivacy/blob/gh-pages/privacy-policy.md";
				FIREPRIVACY_SUPPORT_URL = "https://github.com/Ununp3ntium115/FirePrivacy/issues";
				LD_RUNPATH_SEARCH_PATHS = ("$(inherited)", "@executable_path/Frameworks",);
				MARKETING_VERSION = 1.0;
				PRODUCT_BUNDLE_IDENTIFIER = com.firesoftwaresolutions.FirePrivacy;
				PRODUCT_MODULE_NAME = FirePrivacyApp;
				PRODUCT_NAME = "$(TARGET_NAME)";
				SUPPORTED_PLATFORMS = "iphoneos iphonesimulator";
				SUPPORTS_MACCATALYST = NO;
				SUPPORTS_MAC_DESIGNED_FOR_IPHONE_IPAD = NO;
				SUPPORTS_XR_DESIGNED_FOR_IPHONE_IPAD = NO;
				TARGETED_DEVICE_FAMILY = "1,2";
			};
			name = Debug;
		};
		CFD544D6EF1A005D19143B7D /* app_release */ = {
			isa = XCBuildConfiguration;
			buildSettings = {
				ASSETCATALOG_COMPILER_APPICON_NAME = AppIcon;
				ASSETCATALOG_COMPILER_GLOBAL_ACCENT_COLOR_NAME = AccentColor;
				CODE_SIGN_STYLE = Automatic;
				CURRENT_PROJECT_VERSION = 1;
				DEVELOPMENT_TEAM = LYDVWU62G4;
				ENABLE_PREVIEWS = YES;
				GENERATE_INFOPLIST_FILE = NO;
				INFOPLIST_FILE = Apps/FirePrivacyApp/Info.plist;
				FIREPRIVACY_PRIVACY_URL = "https://github.com/Ununp3ntium115/FirePrivacy/blob/gh-pages/privacy-policy.md";
				FIREPRIVACY_SUPPORT_URL = "https://github.com/Ununp3ntium115/FirePrivacy/issues";
				LD_RUNPATH_SEARCH_PATHS = ("$(inherited)", "@executable_path/Frameworks",);
				MARKETING_VERSION = 1.0;
				PRODUCT_BUNDLE_IDENTIFIER = com.firesoftwaresolutions.FirePrivacy;
				PRODUCT_MODULE_NAME = FirePrivacyApp;
				PRODUCT_NAME = "$(TARGET_NAME)";
				SUPPORTED_PLATFORMS = "iphoneos iphonesimulator";
				SUPPORTS_MACCATALYST = NO;
				SUPPORTS_MAC_DESIGNED_FOR_IPHONE_IPAD = NO;
				SUPPORTS_XR_DESIGNED_FOR_IPHONE_IPAD = NO;
				TARGETED_DEVICE_FAMILY = "1,2";
			};
			name = Release;
		};
		4E5692756749A0D9F9ADC05F /* app_configs */ = {
			isa = XCConfigurationList;
			buildConfigurations = (1454C573C40E1B136B82851A, CFD544D6EF1A005D19143B7D,);
			defaultConfigurationIsVisible = 0;
			defaultConfigurationName = Release;
		};
		F29061FCBF44FC266C9DE0AC /* test_debug */ = {
			isa = XCBuildConfiguration;
			buildSettings = {
				BUNDLE_LOADER = "$(TEST_HOST)";
				CODE_SIGN_STYLE = Automatic;
				DEVELOPMENT_TEAM = LYDVWU62G4;
				GENERATE_INFOPLIST_FILE = YES;
				LD_RUNPATH_SEARCH_PATHS = ("$(inherited)", "@executable_path/Frameworks", "@loader_path/Frameworks",);
				PRODUCT_BUNDLE_IDENTIFIER = com.firesoftwaresolutions.FirePrivacy.tests;
				PRODUCT_NAME = "$(TARGET_NAME)";
				SUPPORTED_PLATFORMS = "iphoneos iphonesimulator";
				TARGETED_DEVICE_FAMILY = "1,2";
				TEST_HOST = "$(BUILT_PRODUCTS_DIR)/FirePrivacy.app/FirePrivacy";
			};
			name = Debug;
		};
		5BF61EBDF96E5E3D8266BDF9 /* test_release */ = {
			isa = XCBuildConfiguration;
			buildSettings = {
				BUNDLE_LOADER = "$(TEST_HOST)";
				CODE_SIGN_STYLE = Automatic;
				DEVELOPMENT_TEAM = LYDVWU62G4;
				GENERATE_INFOPLIST_FILE = YES;
				LD_RUNPATH_SEARCH_PATHS = ("$(inherited)", "@executable_path/Frameworks", "@loader_path/Frameworks",);
				PRODUCT_BUNDLE_IDENTIFIER = com.firesoftwaresolutions.FirePrivacy.tests;
				PRODUCT_NAME = "$(TARGET_NAME)";
				SUPPORTED_PLATFORMS = "iphoneos iphonesimulator";
				TARGETED_DEVICE_FAMILY = "1,2";
				TEST_HOST = "$(BUILT_PRODUCTS_DIR)/FirePrivacy.app/FirePrivacy";
			};
			name = Release;
		};
		DF694EC44293CF3DF0DFC05D /* test_configs */ = {
			isa = XCConfigurationList;
			buildConfigurations = (F29061FCBF44FC266C9DE0AC, 5BF61EBDF96E5E3D8266BDF9,);
			defaultConfigurationIsVisible = 0;
			defaultConfigurationName = Release;
		};
		7D1AA4F253976853952300A3 /* ui_debug */ = {
			isa = XCBuildConfiguration;
			buildSettings = {
				CODE_SIGN_STYLE = Automatic;
				DEVELOPMENT_TEAM = LYDVWU62G4;
				GENERATE_INFOPLIST_FILE = YES;
				LD_RUNPATH_SEARCH_PATHS = ("$(inherited)", "@executable_path/Frameworks", "@loader_path/Frameworks",);
				PRODUCT_BUNDLE_IDENTIFIER = com.firesoftwaresolutions.FirePrivacy.uitests;
				PRODUCT_NAME = "$(TARGET_NAME)";
				SUPPORTED_PLATFORMS = "iphoneos iphonesimulator";
				TARGETED_DEVICE_FAMILY = "1,2";
				TEST_TARGET_NAME = FirePrivacy;
			};
			name = Debug;
		};
		2BA89B60FBD46EC3C3D7D9A7 /* ui_release */ = {
			isa = XCBuildConfiguration;
			buildSettings = {
				CODE_SIGN_STYLE = Automatic;
				DEVELOPMENT_TEAM = LYDVWU62G4;
				GENERATE_INFOPLIST_FILE = YES;
				LD_RUNPATH_SEARCH_PATHS = ("$(inherited)", "@executable_path/Frameworks", "@loader_path/Frameworks",);
				PRODUCT_BUNDLE_IDENTIFIER = com.firesoftwaresolutions.FirePrivacy.uitests;
				PRODUCT_NAME = "$(TARGET_NAME)";
				SUPPORTED_PLATFORMS = "iphoneos iphonesimulator";
				TARGETED_DEVICE_FAMILY = "1,2";
				TEST_TARGET_NAME = FirePrivacy;
			};
			name = Release;
		};
		D91E9FDB1C37CF8797735CAE /* ui_configs */ = {
			isa = XCConfigurationList;
			buildConfigurations = (7D1AA4F253976853952300A3, 2BA89B60FBD46EC3C3D7D9A7,);
			defaultConfigurationIsVisible = 0;
			defaultConfigurationName = Release;
		};
	};
	rootObject = C616804018D03CB038800455;
}
